NeoBundleLock netrw 668e3299f6e2c8f1462467af53043fa337cc8f2b
NeoBundleLock vim-easymotion 9ceebf91fc137644cf0693561a386ef4071dbf87
NeoBundleLock neossh.vim fdb24984949aa392dfa6ca9d231e17cc87705b66
NeoBundleLock vim-airline 13ee9f456ac1a7d9e427874c7a6981c2461a6c4d
NeoBundleLock unite.vim cce4b6c222cdb0b88b72af1e81f2001a63ce1bc3
NeoBundleLock neosnippet-snippets 4b15c7312dbbd2afc5178fd0b7ac017e96d54e6d
NeoBundleLock targets.vim 4a107fd6fea42276d7f27e392542488eca2a9109
NeoBundleLock vim-projectroot bf3379e5fc1b823af476f6968fa55e57b0f7bcc5
NeoBundleLock vimproc.vim 98482672f888aec28ae3764e4432f7127ca8697b
NeoBundleLock jellybeans.vim 0761708c890becd3e027551068e0ae272da003e0
NeoBundleLock vim-surround fa433e0b7330753688f715f3be5d10dc480f20e5
NeoBundleLock vim-dispatch c4390c5724f9d262aeba62ab69c5bc5246626c6f
NeoBundleLock vim-chef 50396978c1ca7228405f80685959bed05a94421b
NeoBundleLock vim-fugitive 2c8461db084d205903a792a23163faa546f143c9
NeoBundleLock neosnippet 811176b29b1a60a164c9878f8dcbe4a680ee32e5
NeoBundleLock vim-exchange 5cb2a3733a99ddb93863a10acd7b86aa9af490c5
NeoBundleLock gitv f0b1b7be0eb2843ce97d290fca8c12ea34599979
NeoBundleLock vis 6a87efbfbd97238716b602c2b53564aa6329b5de
NeoBundleLock vim-easyoperator-line def31ba62c3e369ef95d8298e872c40d83862129
NeoBundleLock vim-repeat 5eba0f19c87402643eb8a7e7d20d9d5338fd6d71
NeoBundleLock vim-autopep8 71f22e76fc1115805dd2944d009b9d93233503eb
NeoBundleLock vim-unite-giti 2159729405db75c8c0902e7b93623dc75a8b765b
NeoBundleLock neobundle.vim c00b40688f335a2e116726c2f8e727fad6f03e4f
NeoBundleLock vim-ruby 4661bf70f428c0436ea60d9ba515b4b8dca73f0d
NeoBundleLock neomru.vim 7df9999b841228661ff73909c5b9e34952331e22
NeoBundleLock presenting.vim 3d285300aa52ecdd938e55cdeacfa099728060f0
NeoBundleLock neocomplete 9d554042b53fc2b9c7a332b481883bb773ff721f
