NeoBundleLock ag.vim d3a00f8affb091e7a14eb34f1beb9db9bb57a4bf
NeoBundleLock unite.vim b508b62d433bfaff063297cfdc3d8be701df713a
NeoBundleLock netrw dc3c7feb7ce677878ef70e10ac7c1291e0d50594
NeoBundleLock vim-easymotion 2dc0025881c41a8fa37dd17524d6ec5c43b0232a
NeoBundleLock neocomplete f9bfc3066a79176ba350b4f3fef8ce6764711b39
NeoBundleLock vim-orgmode 0d3d955a1c88d21ecac7935d4ad58e9e336e0fbe
NeoBundleLock vim-airline be6e4d6dd63a49132fc758643bb393a7f41f8b82
NeoBundleLock Conque-GDB 850abfb67039070da281f2b8cb1b257e15b9a325
NeoBundleLock neosnippet-snippets 975a2e9e0eca6ae9daea83779bf4d0651d328e08
NeoBundleLock targets.vim 4a107fd6fea42276d7f27e392542488eca2a9109
NeoBundleLock vimproc.vim eb2bc419dcac5ebf2db99794195e558f4ce204f8
NeoBundleLock jellybeans.vim 0761708c890becd3e027551068e0ae272da003e0
NeoBundleLock vim-surround fa433e0b7330753688f715f3be5d10dc480f20e5
NeoBundleLock vim-dispatch 78ed0c065ee65c8368f1f10566b96cd890c14358
NeoBundleLock vim-chef 50396978c1ca7228405f80685959bed05a94421b
NeoBundleLock LaTeX-Box a140249caa79c35c09f4dca3201e1189b3721da3
NeoBundleLock neosnippet 23327c4379b45798fb5b3e644adb77208c8ce68d
NeoBundleLock vim-exchange f841536eace341ef229f48eb6f9cef3d0cd98be4
NeoBundleLock gitv f0b1b7be0eb2843ce97d290fca8c12ea34599979
NeoBundleLock vis 6a87efbfbd97238716b602c2b53564aa6329b5de
NeoBundleLock vim-fugitive d3b98d988602b94dc705ca99b171bb9f5b6c8a2c
NeoBundleLock vim-repeat 2a3c5f8e3c26a57b8eb4cfc4be79615a1c508ef6
NeoBundleLock vim-autopep8 71f22e76fc1115805dd2944d009b9d93233503eb
NeoBundleLock vim-unite-giti 2159729405db75c8c0902e7b93623dc75a8b765b
NeoBundleLock neobundle.vim 4a3bb7fb323b62f571c22ff15139fe996dc60ac8
NeoBundleLock neomru.vim e562f157565a2190f487088b5fdd95a4663adf03
NeoBundleLock vim-ps1 2c241d1360c8f7711fbba22afbb6a96e1ebcc2b2
NeoBundleLock vim-easyoperator-line def31ba62c3e369ef95d8298e872c40d83862129
NeoBundleLock presenting.vim 48cab698487b573a2ad692bdce24ca3a545479fd
