NeoBundleLock dbext.vim be1f55f5520aae4b1c2cab941d84e8f57548e8da
NeoBundleLock gitv 76a30e96eeb977e9dc8a8a5cc15b7f903c420e67
NeoBundleLock jellybeans.vim f931895c20681684278aef2ffd810730b9c36ec3
NeoBundleLock neobundle.vim b76ec05d2330aef2fbbcdc58f98c49e94f5ffdbd
NeoBundleLock neocomplete 191132af95db89bf466e2f92519fd9742d4f1a3c
NeoBundleLock neomru.vim 24f9185ca019f3b8f4896929c6bf5148f982f344
NeoBundleLock neosnippet 044c9cb8ca46a5e27eec37198990c26fe707b02a
NeoBundleLock neosnippet-snippets eebc965f0e2e991389e215dd9d6b809466fafa95
NeoBundleLock neossh.vim fdb24984949aa392dfa6ca9d231e17cc87705b66
NeoBundleLock netrw 668e3299f6e2c8f1462467af53043fa337cc8f2b
NeoBundleLock presenting.vim 34730e288d9484f47758d6684401e14a76eccd98
NeoBundleLock targets.vim b258a025f9af24078fb2e637d70b51e48eaf4a39
NeoBundleLock unite-tag 9e8bbe5271a3950992be39f6b586f25d2cf1a271
NeoBundleLock unite.vim 68a0485a9590ec7a587286d8ad5abb0208d39a4f
NeoBundleLock vim-airline f45ecdac15d99ed2354873a8b4d40432fd0a85a3
NeoBundleLock vim-autopep8 71f22e76fc1115805dd2944d009b9d93233503eb
NeoBundleLock vim-chef 50396978c1ca7228405f80685959bed05a94421b
NeoBundleLock vim-dispatch 70d47ab198458cd0869283cd4252df4fee6e622d
NeoBundleLock vim-easymotion 8acdfc60e58bb0600ded42a4f752bec6e3b6d882
NeoBundleLock vim-easyoperator-line def31ba62c3e369ef95d8298e872c40d83862129
NeoBundleLock vim-easytags 67d82cf546237bcfcc869bc9d40ec62ce9e5b5de
NeoBundleLock vim-exchange e459b577401ed6e128583646f41a33619955c6e6
NeoBundleLock vim-fugitive 4cc201cbe3a0c3faa4cde1b82ba941d410e5e81c
NeoBundleLock vim-ipython a47d92b371588a81f8501c66604d79e2827c60a8
NeoBundleLock vim-misc 14ddee7bb3e4f921276273b3b9e85da1996ee65a
NeoBundleLock vim-projectroot bf3379e5fc1b823af476f6968fa55e57b0f7bcc5
NeoBundleLock vim-python-pep8-indent e66de53b9e4c58e6d950b8dce8a0c32703bedb81
NeoBundleLock vim-repeat b01aafbd8d44573abf0ad36afb2df66e92f1a680
NeoBundleLock vim-ruby c298d2f352559f0c690d5e75f7ed6ce0c61ff474
NeoBundleLock vim-surround 772ab9587b7d1e2c3bae75395c9123803059ba8a
NeoBundleLock vim-textobj-python 83c97d9aaae74a7c35b092bae59ef5339723dd9b
NeoBundleLock vim-textobj-user 9aa5fd050ecce650fb7ff018397e73a66a41c76b
NeoBundleLock vim-unite-giti 4053344fde972d70899a3c2c5647aae6dde6c388
NeoBundleLock vimbed bc559bbf727cc5ff51721ccb38393fcabb3d982e
NeoBundleLock vimproc.vim 0f68bcd93399ecbcde3eaa4efd09107314c9bdee
NeoBundleLock vis 6a87efbfbd97238716b602c2b53564aa6329b5de
