NeoBundleLock gitv 1f12f8e8e2b9939451e8b7c74ce4f7f5bc80dd40
NeoBundleLock jellybeans.vim f931895c20681684278aef2ffd810730b9c36ec3
NeoBundleLock neobundle.vim ed123adb1dd31358f1ed35e852fb219c5214cf7c
NeoBundleLock neomru.vim 6e6ca0454fbe67ab01cfe9c8588546c9af156944
NeoBundleLock neossh.vim 9b8d0cbebdededd0c3a58580b917054efc3e5442
NeoBundleLock netrw 7ffad72e02a3f1f68a8a56e4122bddfd5abdb7b7
NeoBundleLock presenting.vim 724c0d693081739ce20ba570c4947529bc0524cd
NeoBundleLock targets.vim b3bab5da8578b32d23d1d92f31f873281011612e
NeoBundleLock unite-tag 470eff827c8540bd6388db08d276089b0c6e2990
NeoBundleLock unite.vim dfdff3df30d5c09fe406956076eca31da47fa3a1
NeoBundleLock vim-airline cdc6d98a09db60d3dda58815616f78338cbdaa9d
NeoBundleLock vim-autopep8 71f22e76fc1115805dd2944d009b9d93233503eb
NeoBundleLock vim-chef 50396978c1ca7228405f80685959bed05a94421b
NeoBundleLock vim-dispatch 06af3287fb5df1f955345d7b381c7142a80bccb0
NeoBundleLock vim-easytags 72a8753b5d0a951e547c51b13633f680a95b5483
NeoBundleLock vim-exchange f8f96d83ceeb048bef002a2e79ec061ce343d0eb
NeoBundleLock vim-fugitive 7c4a90614792cf4b74e0f3386cc6b14046419312
NeoBundleLock vim-ipython 42499f094b805b90b683afa5009cee99abd0bb75
NeoBundleLock vim-misc 3e6b8fb6f03f13434543ce1f5d24f6a5d3f34f0b
NeoBundleLock vim-projectroot bf3379e5fc1b823af476f6968fa55e57b0f7bcc5
NeoBundleLock vim-python-pep8-indent f4f95ee041370e3e79bb72cb9b360a4ec5707785
NeoBundleLock vim-repeat 7a6675f092842c8f81e71d5345bd7cdbf3759415
NeoBundleLock vim-ruby 25a5188138aedd1b90ceb0ed6d1ab3f8fa03de8e
NeoBundleLock vim-surround 772ab9587b7d1e2c3bae75395c9123803059ba8a
NeoBundleLock vim-textobj-python 83c97d9aaae74a7c35b092bae59ef5339723dd9b
NeoBundleLock vim-textobj-user a3054162c09bcf732624f43ddacbd85dad09713b
NeoBundleLock vim-unite-giti 4053344fde972d70899a3c2c5647aae6dde6c388
NeoBundleLock vimproc.vim c286dcbdfca9e0ee1a4cb90f09c3f03638112f5a
